
Microsoft Visual Studio Solution File, Format Version 12.00
# Visual Studio 15
VisualStudioVersion = 15.0.26403.7
MinimumVisualStudioVersion = 10.0.40219.1
Project("{FAE04EC0-301F-11D3-BF4B-00C04F79EFBC}") = "SoundButton", "SoundButton\SoundButton.csproj", "{01E2939B-00AE-42D4-B404-817A947BB310}"
EndProject
Project("{FAE04EC0-301F-11D3-BF4B-00C04F79EFBC}") = "SoundButton.UnitTests", "SoundButton.UnitTests\SoundButton.UnitTests.csproj", "{B99DCE95-E39A-4FBB-B01D-8EFFADCB8835}"
EndProject
Project("{FAE04EC0-301F-11D3-BF4B-00C04F79EFBC}") = "SoundButton.UITests", "SoundButton.UITests\SoundButton.UITests.csproj", "{4335BD53-185D-40CA-AEAA-F558D9042AE7}"
EndProject
Project("{FAE04EC0-301F-11D3-BF4B-00C04F79EFBC}") = "Lodestone.Wpf", "Lodestone.Wpf\Lodestone.Wpf.csproj", "{412D8A64-E4BA-4DA8-97CA-6113C29ACD37}"
EndProject
Global
	GlobalSection(SolutionConfigurationPlatforms) = preSolution
		Debug|Any CPU = Debug|Any CPU
		Release|Any CPU = Release|Any CPU
	EndGlobalSection
	GlobalSection(ProjectConfigurationPlatforms) = postSolution
		{01E2939B-00AE-42D4-B404-817A947BB310}.Debug|Any CPU.ActiveCfg = Debug|Any CPU
		{01E2939B-00AE-42D4-B404-817A947BB310}.Debug|Any CPU.Build.0 = Debug|Any CPU
		{01E2939B-00AE-42D4-B404-817A947BB310}.Release|Any CPU.ActiveCfg = Release|Any CPU
		{01E2939B-00AE-42D4-B404-817A947BB310}.Release|Any CPU.Build.0 = Release|Any CPU
		{B99DCE95-E39A-4FBB-B01D-8EFFADCB8835}.Debug|Any CPU.ActiveCfg = Debug|Any CPU
		{B99DCE95-E39A-4FBB-B01D-8EFFADCB8835}.Debug|Any CPU.Build.0 = Debug|Any CPU
		{B99DCE95-E39A-4FBB-B01D-8EFFADCB8835}.Release|Any CPU.ActiveCfg = Release|Any CPU
		{B99DCE95-E39A-4FBB-B01D-8EFFADCB8835}.Release|Any CPU.Build.0 = Release|Any CPU
		{4335BD53-185D-40CA-AEAA-F558D9042AE7}.Debug|Any CPU.ActiveCfg = Debug|Any CPU
		{4335BD53-185D-40CA-AEAA-F558D9042AE7}.Debug|Any CPU.Build.0 = Debug|Any CPU
		{4335BD53-185D-40CA-AEAA-F558D9042AE7}.Release|Any CPU.ActiveCfg = Release|Any CPU
		{4335BD53-185D-40CA-AEAA-F558D9042AE7}.Release|Any CPU.Build.0 = Release|Any CPU
		{412D8A64-E4BA-4DA8-97CA-6113C29ACD37}.Debug|Any CPU.ActiveCfg = Debug|Any CPU
		{412D8A64-E4BA-4DA8-97CA-6113C29ACD37}.Debug|Any CPU.Build.0 = Debug|Any CPU
		{412D8A64-E4BA-4DA8-97CA-6113C29ACD37}.Release|Any CPU.ActiveCfg = Release|Any CPU
		{412D8A64-E4BA-4DA8-97CA-6113C29ACD37}.Release|Any CPU.Build.0 = Release|Any CPU
	EndGlobalSection
	GlobalSection(SolutionProperties) = preSolution
		HideSolutionNode = FALSE
	EndGlobalSection
EndGlobal
